
Microsoft Visual Studio Solution File, Format Version 12.00
# Visual Studio Version 17
VisualStudioVersion = 17.5.002.0
MinimumVisualStudioVersion = 10.0.40219.1
Project("{9A19103F-16F7-4668-BE54-9A1E7A4F7556}") = "MeuTodo1", "MeuTodo1.csproj", "{ED3E71C3-4753-4417-9180-EE3601E3B951}"
EndProject
Global
	GlobalSection(SolutionConfigurationPlatforms) = preSolution
		Debug|Any CPU = Debug|Any CPU
		Release|Any CPU = Release|Any CPU
	EndGlobalSection
	GlobalSection(ProjectConfigurationPlatforms) = postSolution
		{ED3E71C3-4753-4417-9180-EE3601E3B951}.Debug|Any CPU.ActiveCfg = Debug|Any CPU
		{ED3E71C3-4753-4417-9180-EE3601E3B951}.Debug|Any CPU.Build.0 = Debug|Any CPU
		{ED3E71C3-4753-4417-9180-EE3601E3B951}.Release|Any CPU.ActiveCfg = Release|Any CPU
		{ED3E71C3-4753-4417-9180-EE3601E3B951}.Release|Any CPU.Build.0 = Release|Any CPU
	EndGlobalSection
	GlobalSection(SolutionProperties) = preSolution
		HideSolutionNode = FALSE
	EndGlobalSection
	GlobalSection(ExtensibilityGlobals) = postSolution
		SolutionGuid = {6EC96947-2588-46A6-818B-CF84E0BE27B9}
	EndGlobalSection
EndGlobal
